
Microsoft Visual Studio Solution File, Format Version 12.00
# Visual Studio Version 16
VisualStudioVersion = 16.0.30104.148
MinimumVisualStudioVersion = 10.0.40219.1
Project("{FAE04EC0-301F-11D3-BF4B-00C04F79EFBC}") = "EFDemoWeb", "EFDemoWeb\EFDemoWeb.csproj", "{9DBA2E2B-5976-4449-B6FB-D016593881B1}"
EndProject
Project("{FAE04EC0-301F-11D3-BF4B-00C04F79EFBC}") = "EFDataAccessLibrary", "EFDataAccessLibrary\EFDataAccessLibrary.csproj", "{9F89C22E-4C4F-4A13-9D08-23807737F7C2}"
EndProject
Global
	GlobalSection(SolutionConfigurationPlatforms) = preSolution
		Debug|Any CPU = Debug|Any CPU
		Release|Any CPU = Release|Any CPU
	EndGlobalSection
	GlobalSection(ProjectConfigurationPlatforms) = postSolution
		{9DBA2E2B-5976-4449-B6FB-D016593881B1}.Debug|Any CPU.ActiveCfg = Debug|Any CPU
		{9DBA2E2B-5976-4449-B6FB-D016593881B1}.Debug|Any CPU.Build.0 = Debug|Any CPU
		{9DBA2E2B-5976-4449-B6FB-D016593881B1}.Release|Any CPU.ActiveCfg = Release|Any CPU
		{9DBA2E2B-5976-4449-B6FB-D016593881B1}.Release|Any CPU.Build.0 = Release|Any CPU
		{9F89C22E-4C4F-4A13-9D08-23807737F7C2}.Debug|Any CPU.ActiveCfg = Debug|Any CPU
		{9F89C22E-4C4F-4A13-9D08-23807737F7C2}.Debug|Any CPU.Build.0 = Debug|Any CPU
		{9F89C22E-4C4F-4A13-9D08-23807737F7C2}.Release|Any CPU.ActiveCfg = Release|Any CPU
		{9F89C22E-4C4F-4A13-9D08-23807737F7C2}.Release|Any CPU.Build.0 = Release|Any CPU
	EndGlobalSection
	GlobalSection(SolutionProperties) = preSolution
		HideSolutionNode = FALSE
	EndGlobalSection
	GlobalSection(ExtensibilityGlobals) = postSolution
		SolutionGuid = {699F80BF-1875-4EC5-8981-D2A3389BC06A}
	EndGlobalSection
EndGlobal
